
Microsoft Visual Studio Solution File, Format Version 12.00
# Visual Studio Version 17
VisualStudioVersion = 17.5.33627.172
MinimumVisualStudioVersion = 10.0.40219.1
Project("{FAE04EC0-301F-11D3-BF4B-00C04F79EFBC}") = "ClientAquariumApp", "ClientAquariumApp\ClientAquariumApp.csproj", "{91077E18-D80D-49E9-80E7-B7CE0B326626}"
EndProject
Global
	GlobalSection(SolutionConfigurationPlatforms) = preSolution
		Debug|Any CPU = Debug|Any CPU
		Release|Any CPU = Release|Any CPU
	EndGlobalSection
	GlobalSection(ProjectConfigurationPlatforms) = postSolution
		{91077E18-D80D-49E9-80E7-B7CE0B326626}.Debug|Any CPU.ActiveCfg = Debug|Any CPU
		{91077E18-D80D-49E9-80E7-B7CE0B326626}.Debug|Any CPU.Build.0 = Debug|Any CPU
		{91077E18-D80D-49E9-80E7-B7CE0B326626}.Release|Any CPU.ActiveCfg = Release|Any CPU
		{91077E18-D80D-49E9-80E7-B7CE0B326626}.Release|Any CPU.Build.0 = Release|Any CPU
	EndGlobalSection
	GlobalSection(SolutionProperties) = preSolution
		HideSolutionNode = FALSE
	EndGlobalSection
	GlobalSection(ExtensibilityGlobals) = postSolution
		SolutionGuid = {25196CA9-89CB-4318-97ED-2495D32E554F}
	EndGlobalSection
EndGlobal
